
Microsoft Visual Studio Solution File, Format Version 12.00
# Visual Studio Version 16
VisualStudioVersion = 16.0.30204.135
MinimumVisualStudioVersion = 10.0.40219.1
Project("{F2A71F9B-5D33-465A-A702-920D77279786}") = "WebServer", "WebServer\WebServer.fsproj", "{69F5CAAA-7293-4FF3-8B8D-1AF8B08B8228}"
EndProject
Global
	GlobalSection(SolutionConfigurationPlatforms) = preSolution
		Debug|Any CPU = Debug|Any CPU
		Release|Any CPU = Release|Any CPU
	EndGlobalSection
	GlobalSection(ProjectConfigurationPlatforms) = postSolution
		{69F5CAAA-7293-4FF3-8B8D-1AF8B08B8228}.Debug|Any CPU.ActiveCfg = Debug|Any CPU
		{69F5CAAA-7293-4FF3-8B8D-1AF8B08B8228}.Debug|Any CPU.Build.0 = Debug|Any CPU
		{69F5CAAA-7293-4FF3-8B8D-1AF8B08B8228}.Release|Any CPU.ActiveCfg = Release|Any CPU
		{69F5CAAA-7293-4FF3-8B8D-1AF8B08B8228}.Release|Any CPU.Build.0 = Release|Any CPU
	EndGlobalSection
	GlobalSection(SolutionProperties) = preSolution
		HideSolutionNode = FALSE
	EndGlobalSection
	GlobalSection(ExtensibilityGlobals) = postSolution
		SolutionGuid = {A1E406B1-1E92-4810-9D62-0FE64DBEC5A7}
	EndGlobalSection
EndGlobal
